// !$*UTF8*$!
{
	archiveVersion = 1;
	classes = {
	};
	objectVersion = 56;
	objects = {

/* Begin PBXBuildFile section */
		697F94B12A208A0F00C017A6 /* UIcolor_extension.swift in Sources */ = {isa = PBXBuildFile; fileRef = 697F94B02A208A0F00C017A6 /* UIcolor_extension.swift */; };
		69CC90C72A1E14C10037CCEA /* AppDelegate.swift in Sources */ = {isa = PBXBuildFile; fileRef = 69CC90C62A1E14C10037CCEA /* AppDelegate.swift */; };
		69CC90C92A1E14C10037CCEA /* SceneDelegate.swift in Sources */ = {isa = PBXBuildFile; fileRef = 69CC90C82A1E14C10037CCEA /* SceneDelegate.swift */; };
		69CC90CB2A1E14C10037CCEA /* ViewController.swift in Sources */ = {isa = PBXBuildFile; fileRef = 69CC90CA2A1E14C10037CCEA /* ViewController.swift */; };
		69CC90CE2A1E14C10037CCEA /* Main.storyboard in Resources */ = {isa = PBXBuildFile; fileRef = 69CC90CC2A1E14C10037CCEA /* Main.storyboard */; };
		69CC90D02A1E14C20037CCEA /* Assets.xcassets in Resources */ = {isa = PBXBuildFile; fileRef = 69CC90CF2A1E14C20037CCEA /* Assets.xcassets */; };
		69CC90D32A1E14C20037CCEA /* LaunchScreen.storyboard in Resources */ = {isa = PBXBuildFile; fileRef = 69CC90D12A1E14C20037CCEA /* LaunchScreen.storyboard */; };
		69CC90DB2A1E16940037CCEA /* ColorsVC.swift in Sources */ = {isa = PBXBuildFile; fileRef = 69CC90DA2A1E16940037CCEA /* ColorsVC.swift */; };
/* End PBXBuildFile section */

/* Begin PBXFileReference section */
		697F94B02A208A0F00C017A6 /* UIcolor_extension.swift */ = {isa = PBXFileReference; lastKnownFileType = sourcecode.swift; name = UIcolor_extension.swift; path = ../../../../UIcolor_extension.swift; sourceTree = "<group>"; };
		69CC90C32A1E14C10037CCEA /* Random Colors.app */ = {isa = PBXFileReference; explicitFileType = wrapper.application; includeInIndex = 0; path = "Random Colors.app"; sourceTree = BUILT_PRODUCTS_DIR; };
		69CC90C62A1E14C10037CCEA /* AppDelegate.swift */ = {isa = PBXFileReference; lastKnownFileType = sourcecode.swift; path = AppDelegate.swift; sourceTree = "<group>"; };
		69CC90C82A1E14C10037CCEA /* SceneDelegate.swift */ = {isa = PBXFileReference; lastKnownFileType = sourcecode.swift; path = SceneDelegate.swift; sourceTree = "<group>"; };
		69CC90CA2A1E14C10037CCEA /* ViewController.swift */ = {isa = PBXFileReference; lastKnownFileType = sourcecode.swift; path = ViewController.swift; sourceTree = "<group>"; };
		69CC90CD2A1E14C10037CCEA /* Base */ = {isa = PBXFileReference; lastKnownFileType = file.storyboard; name = Base; path = Base.lproj/Main.storyboard; sourceTree = "<group>"; };
		69CC90CF2A1E14C20037CCEA /* Assets.xcassets */ = {isa = PBXFileReference; lastKnownFileType = folder.assetcatalog; path = Assets.xcassets; sourceTree = "<group>"; };
		69CC90D22A1E14C20037CCEA /* Base */ = {isa = PBXFileReference; lastKnownFileType = file.storyboard; name = Base; path = Base.lproj/LaunchScreen.storyboard; sourceTree = "<group>"; };
		69CC90D42A1E14C20037CCEA /* Info.plist */ = {isa = PBXFileReference; lastKnownFileType = text.plist.xml; path = Info.plist; sourceTree = "<group>"; };
		69CC90DA2A1E16940037CCEA /* ColorsVC.swift */ = {isa = PBXFileReference; lastKnownFileType = sourcecode.swift; path = ColorsVC.swift; sourceTree = "<group>"; };
/* End PBXFileReference section */

/* Begin PBXFrameworksBuildPhase section */
		69CC90C02A1E14C10037CCEA /* Frameworks */ = {
			isa = PBXFrameworksBuildPhase;
			buildActionMask = 2147483647;
			files = (
			);
			runOnlyForDeploymentPostprocessing = 0;
		};
/* End PBXFrameworksBuildPhase section */

/* Begin PBXGroup section */
		69CC90BA2A1E14C10037CCEA = {
			isa = PBXGroup;
			children = (
				69CC90C52A1E14C10037CCEA /* Random Colors */,
				69CC90C42A1E14C10037CCEA /* Products */,
			);
			sourceTree = "<group>";
		};
		69CC90C42A1E14C10037CCEA /* Products */ = {
			isa = PBXGroup;
			children = (
				69CC90C32A1E14C10037CCEA /* Random Colors.app */,
			);
			name = Products;
			sourceTree = "<group>";
		};
		69CC90C52A1E14C10037CCEA /* Random Colors */ = {
			isa = PBXGroup;
			children = (
				69CC90C62A1E14C10037CCEA /* AppDelegate.swift */,
				69CC90C82A1E14C10037CCEA /* SceneDelegate.swift */,
				69CC90CA2A1E14C10037CCEA /* ViewController.swift */,
				69CC90DA2A1E16940037CCEA /* ColorsVC.swift */,
				697F94B02A208A0F00C017A6 /* UIcolor_extension.swift */,
				69CC90CC2A1E14C10037CCEA /* Main.storyboard */,
				69CC90CF2A1E14C20037CCEA /* Assets.xcassets */,
				69CC90D12A1E14C20037CCEA /* LaunchScreen.storyboard */,
				69CC90D42A1E14C20037CCEA /* Info.plist */,
			);
			path = "Random Colors";
			sourceTree = "<group>";
		};
/* End PBXGroup section */

/* Begin PBXNativeTarget section */
		69CC90C22A1E14C10037CCEA /* Random Colors */ = {
			isa = PBXNativeTarget;
			buildConfigurationList = 69CC90D72A1E14C20037CCEA /* Build configuration list for PBXNativeTarget "Random Colors" */;
			buildPhases = (
				69CC90BF2A1E14C10037CCEA /* Sources */,
				69CC90C02A1E14C10037CCEA /* Frameworks */,
				69CC90C12A1E14C10037CCEA /* Resources */,
			);
			buildRules = (
			);
			dependencies = (
			);
			name = "Random Colors";
			productName = "Random Colors";
			productReference = 69CC90C32A1E14C10037CCEA /* Random Colors.app */;
			productType = "com.apple.product-type.application";
		};
/* End PBXNativeTarget section */

/* Begin PBXProject section */
		69CC90BB2A1E14C10037CCEA /* Project object */ = {
			isa = PBXProject;
			attributes = {
				BuildIndependentTargetsInParallel = 1;
				LastSwiftUpdateCheck = 1430;
				LastUpgradeCheck = 1430;
				TargetAttributes = {
					69CC90C22A1E14C10037CCEA = {
						CreatedOnToolsVersion = 14.3;
					};
				};
			};
			buildConfigurationList = 69CC90BE2A1E14C10037CCEA /* Build configuration list for PBXProject "Random Colors" */;
			compatibilityVersion = "Xcode 14.0";
			developmentRegion = en;
			hasScannedForEncodings = 0;
			knownRegions = (
				en,
				Base,
			);
			mainGroup = 69CC90BA2A1E14C10037CCEA;
			productRefGroup = 69CC90C42A1E14C10037CCEA /* Products */;
			projectDirPath = "";
			projectRoot = "";
			targets = (
				69CC90C22A1E14C10037CCEA /* Random Colors */,
			);
		};
/* End PBXProject section */

/* Begin PBXResourcesBuildPhase section */
		69CC90C12A1E14C10037CCEA /* Resources */ = {
			isa = PBXResourcesBuildPhase;
			buildActionMask = 2147483647;
			files = (
				69CC90D32A1E14C20037CCEA /* LaunchScreen.storyboard in Resources */,
				69CC90D02A1E14C20037CCEA /* Assets.xcassets in Resources */,
				69CC90CE2A1E14C10037CCEA /* Main.storyboard in Resources */,
			);
			runOnlyForDeploymentPostprocessing = 0;
		};
/* End PBXResourcesBuildPhase section */

/* Begin PBXSourcesBuildPhase section */
		69CC90BF2A1E14C10037CCEA /* Sources */ = {
			isa = PBXSourcesBuildPhase;
			buildActionMask = 2147483647;
			files = (
				69CC90DB2A1E16940037CCEA /* ColorsVC.swift in Sources */,
				69CC90CB2A1E14C10037CCEA /* ViewController.swift in Sources */,
				69CC90C72A1E14C10037CCEA /* AppDelegate.swift in Sources */,
				69CC90C92A1E14C10037CCEA /* SceneDelegate.swift in Sources */,
				697F94B12A208A0F00C017A6 /* UIcolor_extension.swift in Sources */,
			);
			runOnlyForDeploymentPostprocessing = 0;
		};
/* End PBXSourcesBuildPhase section */

/* Begin PBXVariantGroup section */
		69CC90CC2A1E14C10037CCEA /* Main.storyboard */ = {
			isa = PBXVariantGroup;
			children = (
				69CC90CD2A1E14C10037CCEA /* Base */,
			);
			name = Main.storyboard;
			sourceTree = "<group>";
		};
		69CC90D12A1E14C20037CCEA /* LaunchScreen.storyboard */ = {
			isa = PBXVariantGroup;
			children = (
				69CC90D22A1E14C20037CCEA /* Base */,
			);
			name = LaunchScreen.storyboard;
			sourceTree = "<group>";
		};
/* End PBXVariantGroup section */

/* Begin XCBuildConfiguration section */
		69CC90D52A1E14C20037CCEA /* Debug */ = {
			isa = XCBuildConfiguration;
			buildSettings = {
				ALWAYS_SEARCH_USER_PATHS = NO;
				CLANG_ANALYZER_NONNULL = YES;
				CLANG_ANALYZER_NUMBER_OBJECT_CONVERSION = YES_AGGRESSIVE;
				CLANG_CXX_LANGUAGE_STANDARD = "gnu++20";
				CLANG_ENABLE_MODULES = YES;
				CLANG_ENABLE_OBJC_ARC = YES;
				CLANG_ENABLE_OBJC_WEAK = YES;
				CLANG_WARN_BLOCK_CAPTURE_AUTORELEASING = YES;
				CLANG_WARN_BOOL_CONVERSION = YES;
				CLANG_WARN_COMMA = YES;
				CLANG_WARN_CONSTANT_CONVERSION = YES;
				CLANG_WARN_DEPRECATED_OBJC_IMPLEMENTATIONS = YES;
				CLANG_WARN_DIRECT_OBJC_ISA_USAGE = YES_ERROR;
				CLANG_WARN_DOCUMENTATION_COMMENTS = YES;
				CLANG_WARN_EMPTY_BODY = YES;
				CLANG_WARN_ENUM_CONVERSION = YES;
				CLANG_WARN_INFINITE_RECURSION = YES;
				CLANG_WARN_INT_CONVERSION = YES;
				CLANG_WARN_NON_LITERAL_NULL_CONVERSION = YES;
				CLANG_WARN_OBJC_IMPLICIT_RETAIN_SELF = YES;
				CLANG_WARN_OBJC_LITERAL_CONVERSION = YES;
				CLANG_WARN_OBJC_ROOT_CLASS = YES_ERROR;
				CLANG_WARN_QUOTED_INCLUDE_IN_FRAMEWORK_HEADER = YES;
				CLANG_WARN_RANGE_LOOP_ANALYSIS = YES;
				CLANG_WARN_STRICT_PROTOTYPES = YES;
				CLANG_WARN_SUSPICIOUS_MOVE = YES;
				CLANG_WARN_UNGUARDED_AVAILABILITY = YES_AGGRESSIVE;
				CLANG_WARN_UNREACHABLE_CODE = YES;
				CLANG_WARN__DUPLICATE_METHOD_MATCH = YES;
				COPY_PHASE_STRIP = NO;
				DEBUG_INFORMATION_FORMAT = dwarf;
				ENABLE_STRICT_OBJC_MSGSEND = YES;
				ENABLE_TESTABILITY = YES;
				GCC_C_LANGUAGE_STANDARD = gnu11;
				GCC_DYNAMIC_NO_PIC = NO;
				GCC_NO_COMMON_BLOCKS = YES;
				GCC_OPTIMIZATION_LEVEL = 0;
				GCC_PREPROCESSOR_DEFINITIONS = (
					"DEBUG=1",
					"$(inherited)",
				);
				GCC_WARN_64_TO_32_BIT_CONVERSION = YES;
				GCC_WARN_ABOUT_RETURN_TYPE = YES_ERROR;
				GCC_WARN_UNDECLARED_SELECTOR = YES;
				GCC_WARN_UNINITIALIZED_AUTOS = YES_AGGRESSIVE;
				GCC_WARN_UNUSED_FUNCTION = YES;
				GCC_WARN_UNUSED_VARIABLE = YES;
				IPHONEOS_DEPLOYMENT_TARGET = 16.4;
				MTL_ENABLE_DEBUG_INFO = INCLUDE_SOURCE;
				MTL_FAST_MATH = YES;
				ONLY_ACTIVE_ARCH = YES;
				SDKROOT = iphoneos;
				SWIFT_ACTIVE_COMPILATION_CONDITIONS = DEBUG;
				SWIFT_OPTIMIZATION_LEVEL = "-Onone";
			};
			name = Debug;
		};
		69CC90D62A1E14C20037CCEA /* Release */ = {
			isa = XCBuildConfiguration;
			buildSettings = {
				ALWAYS_SEARCH_USER_PATHS = NO;
				CLANG_ANALYZER_NONNULL = YES;
				CLANG_ANALYZER_NUMBER_OBJECT_CONVERSION = YES_AGGRESSIVE;
				CLANG_CXX_LANGUAGE_STANDARD = "gnu++20";
				CLANG_ENABLE_MODULES = YES;
				CLANG_ENABLE_OBJC_ARC = YES;
				CLANG_ENABLE_OBJC_WEAK = YES;
				CLANG_WARN_BLOCK_CAPTURE_AUTORELEASING = YES;
				CLANG_WARN_BOOL_CONVERSION = YES;
				CLANG_WARN_COMMA = YES;
				CLANG_WARN_CONSTANT_CONVERSION = YES;
				CLANG_WARN_DEPRECATED_OBJC_IMPLEMENTATIONS = YES;
				CLANG_WARN_DIRECT_OBJC_ISA_USAGE = YES_ERROR;
				CLANG_WARN_DOCUMENTATION_COMMENTS = YES;
				CLANG_WARN_EMPTY_BODY = YES;
				CLANG_WARN_ENUM_CONVERSION = YES;
				CLANG_WARN_INFINITE_RECURSION = YES;
				CLANG_WARN_INT_CONVERSION = YES;
				CLANG_WARN_NON_LITERAL_NULL_CONVERSION = YES;
				CLANG_WARN_OBJC_IMPLICIT_RETAIN_SELF = YES;
				CLANG_WARN_OBJC_LITERAL_CONVERSION = YES;
				CLANG_WARN_OBJC_ROOT_CLASS = YES_ERROR;
				CLANG_WARN_QUOTED_INCLUDE_IN_FRAMEWORK_HEADER = YES;
				CLANG_WARN_RANGE_LOOP_ANALYSIS = YES;
				CLANG_WARN_STRICT_PROTOTYPES = YES;
				CLANG_WARN_SUSPICIOUS_MOVE = YES;
				CLANG_WARN_UNGUARDED_AVAILABILITY = YES_AGGRESSIVE;
				CLANG_WARN_UNREACHABLE_CODE = YES;
				CLANG_WARN__DUPLICATE_METHOD_MATCH = YES;
				COPY_PHASE_STRIP = NO;
				DEBUG_INFORMATION_FORMAT = "dwarf-with-dsym";
				ENABLE_NS_ASSERTIONS = NO;
				ENABLE_STRICT_OBJC_MSGSEND = YES;
				GCC_C_LANGUAGE_STANDARD = gnu11;
				GCC_NO_COMMON_BLOCKS = YES;
				GCC_WARN_64_TO_32_BIT_CONVERSION = YES;
				GCC_WARN_ABOUT_RETURN_TYPE = YES_ERROR;
				GCC_WARN_UNDECLARED_SELECTOR = YES;
				GCC_WARN_UNINITIALIZED_AUTOS = YES_AGGRESSIVE;
				GCC_WARN_UNUSED_FUNCTION = YES;
				GCC_WARN_UNUSED_VARIABLE = YES;
				IPHONEOS_DEPLOYMENT_TARGET = 16.4;
				MTL_ENABLE_DEBUG_INFO = NO;
				MTL_FAST_MATH = YES;
				SDKROOT = iphoneos;
				SWIFT_COMPILATION_MODE = wholemodule;
				SWIFT_OPTIMIZATION_LEVEL = "-O";
				VALIDATE_PRODUCT = YES;
			};
			name = Release;
		};
		69CC90D82A1E14C20037CCEA /* Debug */ = {
			isa = XCBuildConfiguration;
			buildSettings = {
				ASSETCATALOG_COMPILER_APPICON_NAME = AppIcon;
				ASSETCATALOG_COMPILER_GLOBAL_ACCENT_COLOR_NAME = AccentColor;
				CODE_SIGN_STYLE = Automatic;
				CURRENT_PROJECT_VERSION = 1;
				GENERATE_INFOPLIST_FILE = YES;
				INFOPLIST_FILE = "Random Colors/Info.plist";
				INFOPLIST_KEY_UIApplicationSupportsIndirectInputEvents = YES;
				INFOPLIST_KEY_UILaunchStoryboardName = LaunchScreen;
				INFOPLIST_KEY_UIMainStoryboardFile = Main;
				INFOPLIST_KEY_UISupportedInterfaceOrientations_iPad = "UIInterfaceOrientationPortrait UIInterfaceOrientationPortraitUpsideDown UIInterfaceOrientationLandscapeLeft UIInterfaceOrientationLandscapeRight";
				INFOPLIST_KEY_UISupportedInterfaceOrientations_iPhone = "UIInterfaceOrientationPortrait UIInterfaceOrientationLandscapeLeft UIInterfaceOrientationLandscapeRight";
				LD_RUNPATH_SEARCH_PATHS = (
					"$(inherited)",
					"@executable_path/Frameworks",
				);
				MARKETING_VERSION = 1.0;
				PRODUCT_BUNDLE_IDENTIFIER = "narayan.Random-Colors";
				PRODUCT_NAME = "$(TARGET_NAME)";
				SWIFT_EMIT_LOC_STRINGS = YES;
				SWIFT_VERSION = 5.0;
				TARGETED_DEVICE_FAMILY = "1,2";
			};
			name = Debug;
		};
		69CC90D92A1E14C20037CCEA /* Release */ = {
			isa = XCBuildConfiguration;
			buildSettings = {
				ASSETCATALOG_COMPILER_APPICON_NAME = AppIcon;
				ASSETCATALOG_COMPILER_GLOBAL_ACCENT_COLOR_NAME = AccentColor;
				CODE_SIGN_STYLE = Automatic;
				CURRENT_PROJECT_VERSION = 1;
				GENERATE_INFOPLIST_FILE = YES;
				INFOPLIST_FILE = "Random Colors/Info.plist";
				INFOPLIST_KEY_UIApplicationSupportsIndirectInputEvents = YES;
				INFOPLIST_KEY_UILaunchStoryboardName = LaunchScreen;
				INFOPLIST_KEY_UIMainStoryboardFile = Main;
				INFOPLIST_KEY_UISupportedInterfaceOrientations_iPad = "UIInterfaceOrientationPortrait UIInterfaceOrientationPortraitUpsideDown UIInterfaceOrientationLandscapeLeft UIInterfaceOrientationLandscapeRight";
				INFOPLIST_KEY_UISupportedInterfaceOrientations_iPhone = "UIInterfaceOrientationPortrait UIInterfaceOrientationLandscapeLeft UIInterfaceOrientationLandscapeRight";
				LD_RUNPATH_SEARCH_PATHS = (
					"$(inherited)",
					"@executable_path/Frameworks",
				);
				MARKETING_VERSION = 1.0;
				PRODUCT_BUNDLE_IDENTIFIER = "narayan.Random-Colors";
				PRODUCT_NAME = "$(TARGET_NAME)";
				SWIFT_EMIT_LOC_STRINGS = YES;
				SWIFT_VERSION = 5.0;
				TARGETED_DEVICE_FAMILY = "1,2";
			};
			name = Release;
		};
/* End XCBuildConfiguration section */

/* Begin XCConfigurationList section */
		69CC90BE2A1E14C10037CCEA /* Build configuration list for PBXProject "Random Colors" */ = {
			isa = XCConfigurationList;
			buildConfigurations = (
				69CC90D52A1E14C20037CCEA /* Debug */,
				69CC90D62A1E14C20037CCEA /* Release */,
			);
			defaultConfigurationIsVisible = 0;
			defaultConfigurationName = Release;
		};
		69CC90D72A1E14C20037CCEA /* Build configuration list for PBXNativeTarget "Random Colors" */ = {
			isa = XCConfigurationList;
			buildConfigurations = (
				69CC90D82A1E14C20037CCEA /* Debug */,
				69CC90D92A1E14C20037CCEA /* Release */,
			);
			defaultConfigurationIsVisible = 0;
			defaultConfigurationName = Release;
		};
/* End XCConfigurationList section */
	};
	rootObject = 69CC90BB2A1E14C10037CCEA /* Project object */;
}
